
Microsoft Visual Studio Solution File, Format Version 12.00
# Visual Studio Version 17
VisualStudioVersion = 17.5.33516.290
MinimumVisualStudioVersion = 10.0.40219.1
Project("{9A19103F-16F7-4668-BE54-9A1E7A4F7556}") = "LIN.Inventory", "LIN.Inventory\LIN.Inventory.csproj", "{71DADCA5-4F3E-4B0C-9E88-786F966FD4EF}"
EndProject
Project("{FAE04EC0-301F-11D3-BF4B-00C04F79EFBC}") = "LIN.Inventory.Persistence", "LIN.Inventory.Persistence\LIN.Inventory.Persistence.csproj", "{DD2DC186-9239-464F-B66A-85B2886989EE}"
EndProject
Global
	GlobalSection(SolutionConfigurationPlatforms) = preSolution
		Debug|Any CPU = Debug|Any CPU
		Release|Any CPU = Release|Any CPU
	EndGlobalSection
	GlobalSection(ProjectConfigurationPlatforms) = postSolution
		{71DADCA5-4F3E-4B0C-9E88-786F966FD4EF}.Debug|Any CPU.ActiveCfg = Debug|Any CPU
		{71DADCA5-4F3E-4B0C-9E88-786F966FD4EF}.Debug|Any CPU.Build.0 = Debug|Any CPU
		{71DADCA5-4F3E-4B0C-9E88-786F966FD4EF}.Release|Any CPU.ActiveCfg = Release|Any CPU
		{71DADCA5-4F3E-4B0C-9E88-786F966FD4EF}.Release|Any CPU.Build.0 = Release|Any CPU
		{DD2DC186-9239-464F-B66A-85B2886989EE}.Debug|Any CPU.ActiveCfg = Debug|Any CPU
		{DD2DC186-9239-464F-B66A-85B2886989EE}.Debug|Any CPU.Build.0 = Debug|Any CPU
		{DD2DC186-9239-464F-B66A-85B2886989EE}.Release|Any CPU.ActiveCfg = Release|Any CPU
		{DD2DC186-9239-464F-B66A-85B2886989EE}.Release|Any CPU.Build.0 = Release|Any CPU
	EndGlobalSection
	GlobalSection(SolutionProperties) = preSolution
		HideSolutionNode = FALSE
	EndGlobalSection
	GlobalSection(ExtensibilityGlobals) = postSolution
		SolutionGuid = {F1C21486-0F75-4E25-A555-92297FB915DD}
	EndGlobalSection
EndGlobal
